
Microsoft Visual Studio Solution File, Format Version 12.00
Project("{FAE04EC0-301F-11D3-BF4B-00C04F79EFBC}") = "TestConsoleApp", "TestConsoleApp\TestConsoleApp.csproj", "{CAA41E3C-36A9-48FD-8D3B-4B65E82F51BE}"
EndProject
Project("{FAE04EC0-301F-11D3-BF4B-00C04F79EFBC}") = "TestProject", "TestProject\TestProject.csproj", "{A7FE6489-5DDC-4508-AC37-9FB7837F4416}"
EndProject
Project("{FAE04EC0-301F-11D3-BF4B-00C04F79EFBC}") = "TestWebApplication", "TestWebApplication\TestWebApplication.csproj", "{5805306D-6219-429B-B39C-6C034BB61CBB}"
EndProject
Project("{2150E333-8FDC-42A3-9474-1A3956D46DE8}") = "info", "info", "{52124FD4-068C-40B8-AABC-8D4B91DC66C0}"
ProjectSection(SolutionItems) = preProject
	info\bookmarks.html = info\bookmarks.html
	info\info.txt = info\info.txt
EndProjectSection
EndProject
Global
	GlobalSection(SolutionConfigurationPlatforms) = preSolution
		Debug|Any CPU = Debug|Any CPU
		Release|Any CPU = Release|Any CPU
	EndGlobalSection
	GlobalSection(ProjectConfigurationPlatforms) = postSolution
		{CAA41E3C-36A9-48FD-8D3B-4B65E82F51BE}.Debug|Any CPU.ActiveCfg = Debug|Any CPU
		{CAA41E3C-36A9-48FD-8D3B-4B65E82F51BE}.Debug|Any CPU.Build.0 = Debug|Any CPU
		{CAA41E3C-36A9-48FD-8D3B-4B65E82F51BE}.Release|Any CPU.ActiveCfg = Release|Any CPU
		{CAA41E3C-36A9-48FD-8D3B-4B65E82F51BE}.Release|Any CPU.Build.0 = Release|Any CPU
		{A7FE6489-5DDC-4508-AC37-9FB7837F4416}.Debug|Any CPU.ActiveCfg = Debug|Any CPU
		{A7FE6489-5DDC-4508-AC37-9FB7837F4416}.Debug|Any CPU.Build.0 = Debug|Any CPU
		{A7FE6489-5DDC-4508-AC37-9FB7837F4416}.Release|Any CPU.ActiveCfg = Release|Any CPU
		{A7FE6489-5DDC-4508-AC37-9FB7837F4416}.Release|Any CPU.Build.0 = Release|Any CPU
		{5805306D-6219-429B-B39C-6C034BB61CBB}.Debug|Any CPU.ActiveCfg = Debug|Any CPU
		{5805306D-6219-429B-B39C-6C034BB61CBB}.Debug|Any CPU.Build.0 = Debug|Any CPU
		{5805306D-6219-429B-B39C-6C034BB61CBB}.Release|Any CPU.ActiveCfg = Release|Any CPU
		{5805306D-6219-429B-B39C-6C034BB61CBB}.Release|Any CPU.Build.0 = Release|Any CPU
	EndGlobalSection
EndGlobal
